version = 1
revision = 3
requires-python = ">=3.11"

[[package]]
name = "conllu"
version = "6.0.0"
source = { registry = "https://pypi.org/simple" }
sdist = { url = "https://files.pythonhosted.org/packages/0c/53/177d029cdae086c245b1875264d1f736d1909743b8b8e81ffcf7ab43cc48/conllu-6.0.0.tar.gz", hash = "sha256:bc6072d49d00e77f4454039519118c0500fafa0d0eb509f53793081084f50aba", size = 33856, upload-time = "2024-10-13T21:44:53.935Z" }
wheels = [
    { url = "https://files.pythonhosted.org/packages/18/64/8f26d84f18c4d421cc7ca8f4b1dfd080ae14ba15a627277fbd63c11d652e/conllu-6.0.0-py3-none-any.whl", hash = "sha256:c47206a0912f768bfae429d3d3c2c7f5ed068babd2502663e865cfb21532cbcc", size = 16782, upload-time = "2024-10-13T21:44:52.254Z" },
]

[[package]]
name = "hfst"
version = "3.16.0.1"
source = { registry = "https://pypi.org/simple" }
wheels = [
    { url = "https://files.pythonhosted.org/packages/87/a0/0ded3a9ffc0e039d2ce07bacf8ab62b26640b8cbd6fdffdf8cc26d903d03/hfst-3.16.0.1-cp311-cp311-macosx_10_9_x86_64.whl", hash = "sha256:6bf88c17e1651a0ec61d67ff7b99d8243abfe634441055d416f6522e3e60f53e", size = 18412364, upload-time = "2023-11-21T01:29:41.824Z" },
    { url = "https://files.pythonhosted.org/packages/2a/66/d5719a9652a7348988f1444e7f1fe2af9df3a80031fa101691f14e9f6ad7/hfst-3.16.0.1-cp311-cp311-macosx_11_0_arm64.whl", hash = "sha256:364c1e7d5e7efbc56a829670adbbe853ebca04a99c9ddb2eeb851fc02aefedd0", size = 17762951, upload-time = "2023-11-21T01:29:45.728Z" },
    { url = "https://files.pythonhosted.org/packages/68/aa/a56f120f9f31a366038b14f092c5c4f26bb1ae9e6fd8332b3359b3c87063/hfst-3.16.0.1-cp311-cp311-manylinux_2_17_i686.manylinux2014_i686.whl", hash = "sha256:a40fc49845d11bf255e38d0d3c1414aa2710e49ec66ddc18ebf0ad550e622c9b", size = 61953353, upload-time = "2023-11-21T01:29:51.293Z" },
    { url = "https://files.pythonhosted.org/packages/f9/14/86240803f3b6c1763363d3916fad5418673813aaea248699b2e5d4a0fdb4/hfst-3.16.0.1-cp311-cp311-manylinux_2_28_x86_64.whl", hash = "sha256:f6053282e5fcc8e603650ddaf0e9bb2eab083d738a0413cfc8932f2457fdec36", size = 66771721, upload-time = "2023-11-21T01:29:56.916Z" },
    { url = "https://files.pythonhosted.org/packages/d7/b2/1843c91f0e475868e7b96d5eb1e592b262336b89b56c5380820a5064fd98/hfst-3.16.0.1-cp312-cp312-macosx_10_9_x86_64.whl", hash = "sha256:0bc77167a41260ea2cd277be8b91920d969f1317bfef16555df6a3b4aeb886b7", size = 18415996, upload-time = "2023-11-21T01:30:01.259Z" },
    { url = "https://files.pythonhosted.org/packages/32/95/45b13d669cd95dac91fd70255566fc7e0d66f36b819aa8e3aa6b7d0482d8/hfst-3.16.0.1-cp312-cp312-macosx_11_0_arm64.whl", hash = "sha256:26accb40715e62d3615178ea26c0565ecfbba11f8406ee38add0b97ee4f15721", size = 17764638, upload-time = "2023-11-21T01:30:05.007Z" },
    { url = "https://files.pythonhosted.org/packages/08/37/779c11f64d29f409b18aaea585aa1b208bb5e9488b5e3590a33e7123c20b/hfst-3.16.0.1-cp312-cp312-manylinux_2_17_i686.manylinux2014_i686.whl", hash = "sha256:d52331496d68566ed823a1207834e81862ec3de90124ab36ef27b33db59cb6f5", size = 61968642, upload-time = "2023-11-21T01:30:09.39Z" },
    { url = "https://files.pythonhosted.org/packages/95/38/8d48a72af869872a6642d565099dc554337c46bd3bfcd801b33c5ef303f1/hfst-3.16.0.1-cp312-cp312-manylinux_2_28_x86_64.whl", hash = "sha256:ba46f9bef28a4b0c396cd753b5db76c2886102041f4287c286c37c06f3f6f525", size = 66823736, upload-time = "2023-11-21T01:30:17.061Z" },
]

[[package]]
name = "prussian-fst"
version = "0.3.0"
source = { virtual = "." }
dependencies = [
    { name = "conllu" },
    { name = "hfst" },
]

[package.metadata]
requires-dist = [
    { name = "conllu", specifier = ">=6.0.0" },
    { name = "hfst", specifier = ">=3.16.0.1" },
]
